
Microsoft Visual Studio Solution File, Format Version 12.00
# Visual Studio 15
VisualStudioVersion = 15.0.28307.168
MinimumVisualStudioVersion = 10.0.40219.1
Project("{FAE04EC0-301F-11D3-BF4B-00C04F79EFBC}") = "sample-aspnetapp", "sample-aspnetapp\sample-aspnetapp.csproj", "{575FA528-2EF5-4FC6-B236-8A2B313D2525}"
EndProject
Global
	GlobalSection(SolutionConfigurationPlatforms) = preSolution
		Debug|Any CPU = Debug|Any CPU
		Release|Any CPU = Release|Any CPU
	EndGlobalSection
	GlobalSection(ProjectConfigurationPlatforms) = postSolution
		{575FA528-2EF5-4FC6-B236-8A2B313D2525}.Debug|Any CPU.ActiveCfg = Debug|Any CPU
		{575FA528-2EF5-4FC6-B236-8A2B313D2525}.Debug|Any CPU.Build.0 = Debug|Any CPU
		{575FA528-2EF5-4FC6-B236-8A2B313D2525}.Release|Any CPU.ActiveCfg = Release|Any CPU
		{575FA528-2EF5-4FC6-B236-8A2B313D2525}.Release|Any CPU.Build.0 = Release|Any CPU
	EndGlobalSection
	GlobalSection(SolutionProperties) = preSolution
		HideSolutionNode = FALSE
	EndGlobalSection
	GlobalSection(ExtensibilityGlobals) = postSolution
		SolutionGuid = {54DB9B19-AC41-4CE5-9779-94B9F10A5B46}
	EndGlobalSection
EndGlobal
